// !$*UTF8*$!
{
	archiveVersion = 1;
	classes = {
	};
	objectVersion = 56;
	objects = {

/* Begin PBXBuildFile section */
		32390C822A3DEB9800C0AAB0 /* CategoryView.swift in Sources */ = {isa = PBXBuildFile; fileRef = 32390C812A3DEB9800C0AAB0 /* CategoryView.swift */; };
		32390C852A3DFEE900C0AAB0 /* CategoriesView.swift in Sources */ = {isa = PBXBuildFile; fileRef = 32390C842A3DFEE900C0AAB0 /* CategoriesView.swift */; };
		32390C872A3E031B00C0AAB0 /* AnimalsView.swift in Sources */ = {isa = PBXBuildFile; fileRef = 32390C862A3E031B00C0AAB0 /* AnimalsView.swift */; };
		32390C892A3E034C00C0AAB0 /* SegmentedPicker.swift in Sources */ = {isa = PBXBuildFile; fileRef = 32390C882A3E034C00C0AAB0 /* SegmentedPicker.swift */; };
		32390C8C2A3E1C0D00C0AAB0 /* AnimalView.swift in Sources */ = {isa = PBXBuildFile; fileRef = 32390C8B2A3E1C0D00C0AAB0 /* AnimalView.swift */; };
		32390C8F2A3E209D00C0AAB0 /* InfoView.swift in Sources */ = {isa = PBXBuildFile; fileRef = 32390C8E2A3E209D00C0AAB0 /* InfoView.swift */; };
		32390C922A3E29CF00C0AAB0 /* Animal.swift in Sources */ = {isa = PBXBuildFile; fileRef = 32390C912A3E29CF00C0AAB0 /* Animal.swift */; };
		32390C942A3E2D7C00C0AAB0 /* AnimalsList.swift in Sources */ = {isa = PBXBuildFile; fileRef = 32390C932A3E2D7C00C0AAB0 /* AnimalsList.swift */; };
		32390C982A40758900C0AAB0 /* LikeButton.swift in Sources */ = {isa = PBXBuildFile; fileRef = 32390C972A40758900C0AAB0 /* LikeButton.swift */; };
		32390C9B2A40770800C0AAB0 /* DetailView.swift in Sources */ = {isa = PBXBuildFile; fileRef = 32390C9A2A40770800C0AAB0 /* DetailView.swift */; };
		32390C9D2A407C5000C0AAB0 /* AnimalInfo.swift in Sources */ = {isa = PBXBuildFile; fileRef = 32390C9C2A407C5000C0AAB0 /* AnimalInfo.swift */; };
		32390CA02A4086AD00C0AAB0 /* AboutView.swift in Sources */ = {isa = PBXBuildFile; fileRef = 32390C9F2A4086AD00C0AAB0 /* AboutView.swift */; };
		32390CA22A408C5900C0AAB0 /* AboutField.swift in Sources */ = {isa = PBXBuildFile; fileRef = 32390CA12A408C5900C0AAB0 /* AboutField.swift */; };
		32390CA42A40A38D00C0AAB0 /* Localizable.xcstrings in Resources */ = {isa = PBXBuildFile; fileRef = 32390CA32A40A38D00C0AAB0 /* Localizable.xcstrings */; };
		32390CA62A40A44900C0AAB0 /* Test.xcstrings in Resources */ = {isa = PBXBuildFile; fileRef = 32390CA52A40A44900C0AAB0 /* Test.xcstrings */; };
		326DBC7D2A3DD66F002F0EB4 /* FurFamilyFinderApp.swift in Sources */ = {isa = PBXBuildFile; fileRef = 326DBC7C2A3DD66F002F0EB4 /* FurFamilyFinderApp.swift */; };
		326DBC812A3DD66F002F0EB4 /* Assets.xcassets in Resources */ = {isa = PBXBuildFile; fileRef = 326DBC802A3DD66F002F0EB4 /* Assets.xcassets */; };
		326DBC852A3DD66F002F0EB4 /* Preview Assets.xcassets in Resources */ = {isa = PBXBuildFile; fileRef = 326DBC842A3DD66F002F0EB4 /* Preview Assets.xcassets */; };
		326DBC8F2A3DD66F002F0EB4 /* FurFamilyFinderTests.swift in Sources */ = {isa = PBXBuildFile; fileRef = 326DBC8E2A3DD66F002F0EB4 /* FurFamilyFinderTests.swift */; };
		326DBC992A3DD66F002F0EB4 /* FurFamilyFinderUITests.swift in Sources */ = {isa = PBXBuildFile; fileRef = 326DBC982A3DD66F002F0EB4 /* FurFamilyFinderUITests.swift */; };
		326DBC9B2A3DD66F002F0EB4 /* FurFamilyFinderUITestsLaunchTests.swift in Sources */ = {isa = PBXBuildFile; fileRef = 326DBC9A2A3DD66F002F0EB4 /* FurFamilyFinderUITestsLaunchTests.swift */; };
		326DBCAB2A3DD707002F0EB4 /* MainView.swift in Sources */ = {isa = PBXBuildFile; fileRef = 326DBCAA2A3DD707002F0EB4 /* MainView.swift */; };
		326DBCB12A3DD85B002F0EB4 /* HomeView.swift in Sources */ = {isa = PBXBuildFile; fileRef = 326DBCB02A3DD85B002F0EB4 /* HomeView.swift */; };
		326DBCB32A3DD869002F0EB4 /* ProfileView.swift in Sources */ = {isa = PBXBuildFile; fileRef = 326DBCB22A3DD869002F0EB4 /* ProfileView.swift */; };
		326DBCB52A3DD873002F0EB4 /* SearchView.swift in Sources */ = {isa = PBXBuildFile; fileRef = 326DBCB42A3DD873002F0EB4 /* SearchView.swift */; };
		326DBCB72A3DD885002F0EB4 /* MapView.swift in Sources */ = {isa = PBXBuildFile; fileRef = 326DBCB62A3DD885002F0EB4 /* MapView.swift */; };
		326DBCC02A3DD913002F0EB4 /* CustomBottomView.swift in Sources */ = {isa = PBXBuildFile; fileRef = 326DBCBF2A3DD913002F0EB4 /* CustomBottomView.swift */; };
		326DBCC22A3DD916002F0EB4 /* CustomTabItem.swift in Sources */ = {isa = PBXBuildFile; fileRef = 326DBCC12A3DD916002F0EB4 /* CustomTabItem.swift */; };
		326DBCC42A3DD917002F0EB4 /* CustomTabView.swift in Sources */ = {isa = PBXBuildFile; fileRef = 326DBCC32A3DD917002F0EB4 /* CustomTabView.swift */; };
		32A9D8732A41F42E006683FD /* Symbol.swift in Sources */ = {isa = PBXBuildFile; fileRef = 32A9D8722A41F42E006683FD /* Symbol.swift */; };
		32A9D87C2A422B7B006683FD /* SFSymbol in Frameworks */ = {isa = PBXBuildFile; productRef = 32A9D87B2A422B7B006683FD /* SFSymbol */; };
		32E120582A5F0F1000F029D7 /* SFSymbol in Frameworks */ = {isa = PBXBuildFile; productRef = 32E120572A5F0F1000F029D7 /* SFSymbol */; };
/* End PBXBuildFile section */

/* Begin PBXContainerItemProxy section */
		326DBC8B2A3DD66F002F0EB4 /* PBXContainerItemProxy */ = {
			isa = PBXContainerItemProxy;
			containerPortal = 326DBC712A3DD66E002F0EB4 /* Project object */;
			proxyType = 1;
			remoteGlobalIDString = 326DBC782A3DD66F002F0EB4;
			remoteInfo = FurFamilyFinder;
		};
		326DBC952A3DD66F002F0EB4 /* PBXContainerItemProxy */ = {
			isa = PBXContainerItemProxy;
			containerPortal = 326DBC712A3DD66E002F0EB4 /* Project object */;
			proxyType = 1;
			remoteGlobalIDString = 326DBC782A3DD66F002F0EB4;
			remoteInfo = FurFamilyFinder;
		};
/* End PBXContainerItemProxy section */

/* Begin PBXFileReference section */
		32390C812A3DEB9800C0AAB0 /* CategoryView.swift */ = {isa = PBXFileReference; lastKnownFileType = sourcecode.swift; path = CategoryView.swift; sourceTree = "<group>"; };
		32390C842A3DFEE900C0AAB0 /* CategoriesView.swift */ = {isa = PBXFileReference; lastKnownFileType = sourcecode.swift; path = CategoriesView.swift; sourceTree = "<group>"; };
		32390C862A3E031B00C0AAB0 /* AnimalsView.swift */ = {isa = PBXFileReference; lastKnownFileType = sourcecode.swift; path = AnimalsView.swift; sourceTree = "<group>"; };
		32390C882A3E034C00C0AAB0 /* SegmentedPicker.swift */ = {isa = PBXFileReference; lastKnownFileType = sourcecode.swift; path = SegmentedPicker.swift; sourceTree = "<group>"; };
		32390C8B2A3E1C0D00C0AAB0 /* AnimalView.swift */ = {isa = PBXFileReference; lastKnownFileType = sourcecode.swift; path = AnimalView.swift; sourceTree = "<group>"; };
		32390C8E2A3E209D00C0AAB0 /* InfoView.swift */ = {isa = PBXFileReference; lastKnownFileType = sourcecode.swift; path = InfoView.swift; sourceTree = "<group>"; };
		32390C912A3E29CF00C0AAB0 /* Animal.swift */ = {isa = PBXFileReference; lastKnownFileType = sourcecode.swift; path = Animal.swift; sourceTree = "<group>"; };
		32390C932A3E2D7C00C0AAB0 /* AnimalsList.swift */ = {isa = PBXFileReference; lastKnownFileType = sourcecode.swift; path = AnimalsList.swift; sourceTree = "<group>"; };
		32390C972A40758900C0AAB0 /* LikeButton.swift */ = {isa = PBXFileReference; lastKnownFileType = sourcecode.swift; path = LikeButton.swift; sourceTree = "<group>"; };
		32390C9A2A40770800C0AAB0 /* DetailView.swift */ = {isa = PBXFileReference; lastKnownFileType = sourcecode.swift; path = DetailView.swift; sourceTree = "<group>"; };
		32390C9C2A407C5000C0AAB0 /* AnimalInfo.swift */ = {isa = PBXFileReference; lastKnownFileType = sourcecode.swift; path = AnimalInfo.swift; sourceTree = "<group>"; };
		32390C9F2A4086AD00C0AAB0 /* AboutView.swift */ = {isa = PBXFileReference; lastKnownFileType = sourcecode.swift; path = AboutView.swift; sourceTree = "<group>"; };
		32390CA12A408C5900C0AAB0 /* AboutField.swift */ = {isa = PBXFileReference; lastKnownFileType = sourcecode.swift; path = AboutField.swift; sourceTree = "<group>"; };
		32390CA32A40A38D00C0AAB0 /* Localizable.xcstrings */ = {isa = PBXFileReference; lastKnownFileType = text.json.xcstrings; path = Localizable.xcstrings; sourceTree = "<group>"; };
		32390CA52A40A44900C0AAB0 /* Test.xcstrings */ = {isa = PBXFileReference; lastKnownFileType = text.json.xcstrings; path = Test.xcstrings; sourceTree = "<group>"; };
		326DBC792A3DD66F002F0EB4 /* FurFamilyFinder.app */ = {isa = PBXFileReference; explicitFileType = wrapper.application; includeInIndex = 0; path = FurFamilyFinder.app; sourceTree = BUILT_PRODUCTS_DIR; };
		326DBC7C2A3DD66F002F0EB4 /* FurFamilyFinderApp.swift */ = {isa = PBXFileReference; lastKnownFileType = sourcecode.swift; path = FurFamilyFinderApp.swift; sourceTree = "<group>"; };
		326DBC802A3DD66F002F0EB4 /* Assets.xcassets */ = {isa = PBXFileReference; lastKnownFileType = folder.assetcatalog; path = Assets.xcassets; sourceTree = "<group>"; };
		326DBC822A3DD66F002F0EB4 /* FurFamilyFinder.entitlements */ = {isa = PBXFileReference; lastKnownFileType = text.plist.entitlements; path = FurFamilyFinder.entitlements; sourceTree = "<group>"; };
		326DBC842A3DD66F002F0EB4 /* Preview Assets.xcassets */ = {isa = PBXFileReference; lastKnownFileType = folder.assetcatalog; path = "Preview Assets.xcassets"; sourceTree = "<group>"; };
		326DBC8A2A3DD66F002F0EB4 /* FurFamilyFinderTests.xctest */ = {isa = PBXFileReference; explicitFileType = wrapper.cfbundle; includeInIndex = 0; path = FurFamilyFinderTests.xctest; sourceTree = BUILT_PRODUCTS_DIR; };
		326DBC8E2A3DD66F002F0EB4 /* FurFamilyFinderTests.swift */ = {isa = PBXFileReference; lastKnownFileType = sourcecode.swift; path = FurFamilyFinderTests.swift; sourceTree = "<group>"; };
		326DBC942A3DD66F002F0EB4 /* FurFamilyFinderUITests.xctest */ = {isa = PBXFileReference; explicitFileType = wrapper.cfbundle; includeInIndex = 0; path = FurFamilyFinderUITests.xctest; sourceTree = BUILT_PRODUCTS_DIR; };
		326DBC982A3DD66F002F0EB4 /* FurFamilyFinderUITests.swift */ = {isa = PBXFileReference; lastKnownFileType = sourcecode.swift; path = FurFamilyFinderUITests.swift; sourceTree = "<group>"; };
		326DBC9A2A3DD66F002F0EB4 /* FurFamilyFinderUITestsLaunchTests.swift */ = {isa = PBXFileReference; lastKnownFileType = sourcecode.swift; path = FurFamilyFinderUITestsLaunchTests.swift; sourceTree = "<group>"; };
		326DBCAA2A3DD707002F0EB4 /* MainView.swift */ = {isa = PBXFileReference; lastKnownFileType = sourcecode.swift; path = MainView.swift; sourceTree = "<group>"; };
		326DBCB02A3DD85B002F0EB4 /* HomeView.swift */ = {isa = PBXFileReference; lastKnownFileType = sourcecode.swift; path = HomeView.swift; sourceTree = "<group>"; };
		326DBCB22A3DD869002F0EB4 /* ProfileView.swift */ = {isa = PBXFileReference; lastKnownFileType = sourcecode.swift; path = ProfileView.swift; sourceTree = "<group>"; };
		326DBCB42A3DD873002F0EB4 /* SearchView.swift */ = {isa = PBXFileReference; lastKnownFileType = sourcecode.swift; path = SearchView.swift; sourceTree = "<group>"; };
		326DBCB62A3DD885002F0EB4 /* MapView.swift */ = {isa = PBXFileReference; lastKnownFileType = sourcecode.swift; path = MapView.swift; sourceTree = "<group>"; };
		326DBCBF2A3DD913002F0EB4 /* CustomBottomView.swift */ = {isa = PBXFileReference; lastKnownFileType = sourcecode.swift; path = CustomBottomView.swift; sourceTree = "<group>"; };
		326DBCC12A3DD916002F0EB4 /* CustomTabItem.swift */ = {isa = PBXFileReference; lastKnownFileType = sourcecode.swift; path = CustomTabItem.swift; sourceTree = "<group>"; };
		326DBCC32A3DD917002F0EB4 /* CustomTabView.swift */ = {isa = PBXFileReference; lastKnownFileType = sourcecode.swift; path = CustomTabView.swift; sourceTree = "<group>"; };
		32A9D8722A41F42E006683FD /* Symbol.swift */ = {isa = PBXFileReference; lastKnownFileType = sourcecode.swift; path = Symbol.swift; sourceTree = "<group>"; };
/* End PBXFileReference section */

/* Begin PBXFrameworksBuildPhase section */
		326DBC762A3DD66F002F0EB4 /* Frameworks */ = {
			isa = PBXFrameworksBuildPhase;
			buildActionMask = 2147483647;
			files = (
				32A9D87C2A422B7B006683FD /* SFSymbol in Frameworks */,
				32E120582A5F0F1000F029D7 /* SFSymbol in Frameworks */,
			);
			runOnlyForDeploymentPostprocessing = 0;
		};
		326DBC872A3DD66F002F0EB4 /* Frameworks */ = {
			isa = PBXFrameworksBuildPhase;
			buildActionMask = 2147483647;
			files = (
			);
			runOnlyForDeploymentPostprocessing = 0;
		};
		326DBC912A3DD66F002F0EB4 /* Frameworks */ = {
			isa = PBXFrameworksBuildPhase;
			buildActionMask = 2147483647;
			files = (
			);
			runOnlyForDeploymentPostprocessing = 0;
		};
/* End PBXFrameworksBuildPhase section */

/* Begin PBXGroup section */
		32390C832A3DEBA500C0AAB0 /* Home */ = {
			isa = PBXGroup;
			children = (
				32390C8D2A3E1CDB00C0AAB0 /* Categories */,
				32390C8A2A3E035100C0AAB0 /* Animals */,
				326DBCB02A3DD85B002F0EB4 /* HomeView.swift */,
			);
			path = Home;
			sourceTree = "<group>";
		};
		32390C8A2A3E035100C0AAB0 /* Animals */ = {
			isa = PBXGroup;
			children = (
				32390C9E2A407D6100C0AAB0 /* Animal */,
				32390C862A3E031B00C0AAB0 /* AnimalsView.swift */,
				32390C882A3E034C00C0AAB0 /* SegmentedPicker.swift */,
				32390C932A3E2D7C00C0AAB0 /* AnimalsList.swift */,
			);
			path = Animals;
			sourceTree = "<group>";
		};
		32390C8D2A3E1CDB00C0AAB0 /* Categories */ = {
			isa = PBXGroup;
			children = (
				32390C812A3DEB9800C0AAB0 /* CategoryView.swift */,
				32390C842A3DFEE900C0AAB0 /* CategoriesView.swift */,
			);
			path = Categories;
			sourceTree = "<group>";
		};
		32390C902A3E29C600C0AAB0 /* Models */ = {
			isa = PBXGroup;
			children = (
				32390C912A3E29CF00C0AAB0 /* Animal.swift */,
			);
			path = Models;
			sourceTree = "<group>";
		};
		32390C952A40757100C0AAB0 /* General */ = {
			isa = PBXGroup;
			children = (
				32390C962A40757B00C0AAB0 /* Buttons */,
				326DBCC62A3DD94F002F0EB4 /* TabView */,
			);
			path = General;
			sourceTree = "<group>";
		};
		32390C962A40757B00C0AAB0 /* Buttons */ = {
			isa = PBXGroup;
			children = (
				32390C972A40758900C0AAB0 /* LikeButton.swift */,
			);
			path = Buttons;
			sourceTree = "<group>";
		};
		32390C992A4076FB00C0AAB0 /* Details */ = {
			isa = PBXGroup;
			children = (
				32390C9A2A40770800C0AAB0 /* DetailView.swift */,
				32390C9F2A4086AD00C0AAB0 /* AboutView.swift */,
				32390CA12A408C5900C0AAB0 /* AboutField.swift */,
			);
			path = Details;
			sourceTree = "<group>";
		};
		32390C9E2A407D6100C0AAB0 /* Animal */ = {
			isa = PBXGroup;
			children = (
				32390C8B2A3E1C0D00C0AAB0 /* AnimalView.swift */,
				32390C9C2A407C5000C0AAB0 /* AnimalInfo.swift */,
				32390C8E2A3E209D00C0AAB0 /* InfoView.swift */,
			);
			path = Animal;
			sourceTree = "<group>";
		};
		326DBC702A3DD66E002F0EB4 = {
			isa = PBXGroup;
			children = (
				326DBC7B2A3DD66F002F0EB4 /* FurFamilyFinder */,
				326DBC8D2A3DD66F002F0EB4 /* FurFamilyFinderTests */,
				326DBC972A3DD66F002F0EB4 /* FurFamilyFinderUITests */,
				326DBC7A2A3DD66F002F0EB4 /* Products */,
			);
			sourceTree = "<group>";
		};
		326DBC7A2A3DD66F002F0EB4 /* Products */ = {
			isa = PBXGroup;
			children = (
				326DBC792A3DD66F002F0EB4 /* FurFamilyFinder.app */,
				326DBC8A2A3DD66F002F0EB4 /* FurFamilyFinderTests.xctest */,
				326DBC942A3DD66F002F0EB4 /* FurFamilyFinderUITests.xctest */,
			);
			name = Products;
			sourceTree = "<group>";
		};
		326DBC7B2A3DD66F002F0EB4 /* FurFamilyFinder */ = {
			isa = PBXGroup;
			children = (
				32390CA32A40A38D00C0AAB0 /* Localizable.xcstrings */,
				32390CA52A40A44900C0AAB0 /* Test.xcstrings */,
				32A9D8722A41F42E006683FD /* Symbol.swift */,
				32390C902A3E29C600C0AAB0 /* Models */,
				326DBCA92A3DD6E4002F0EB4 /* Views */,
				326DBC7C2A3DD66F002F0EB4 /* FurFamilyFinderApp.swift */,
				326DBCAA2A3DD707002F0EB4 /* MainView.swift */,
				326DBC802A3DD66F002F0EB4 /* Assets.xcassets */,
				326DBC822A3DD66F002F0EB4 /* FurFamilyFinder.entitlements */,
				326DBC832A3DD66F002F0EB4 /* Preview Content */,
			);
			path = FurFamilyFinder;
			sourceTree = "<group>";
		};
		326DBC832A3DD66F002F0EB4 /* Preview Content */ = {
			isa = PBXGroup;
			children = (
				326DBC842A3DD66F002F0EB4 /* Preview Assets.xcassets */,
			);
			path = "Preview Content";
			sourceTree = "<group>";
		};
		326DBC8D2A3DD66F002F0EB4 /* FurFamilyFinderTests */ = {
			isa = PBXGroup;
			children = (
				326DBC8E2A3DD66F002F0EB4 /* FurFamilyFinderTests.swift */,
			);
			path = FurFamilyFinderTests;
			sourceTree = "<group>";
		};
		326DBC972A3DD66F002F0EB4 /* FurFamilyFinderUITests */ = {
			isa = PBXGroup;
			children = (
				326DBC982A3DD66F002F0EB4 /* FurFamilyFinderUITests.swift */,
				326DBC9A2A3DD66F002F0EB4 /* FurFamilyFinderUITestsLaunchTests.swift */,
			);
			path = FurFamilyFinderUITests;
			sourceTree = "<group>";
		};
		326DBCA92A3DD6E4002F0EB4 /* Views */ = {
			isa = PBXGroup;
			children = (
				32390C952A40757100C0AAB0 /* General */,
				32390C832A3DEBA500C0AAB0 /* Home */,
				32390C992A4076FB00C0AAB0 /* Details */,
				326DBCB22A3DD869002F0EB4 /* ProfileView.swift */,
				326DBCB42A3DD873002F0EB4 /* SearchView.swift */,
				326DBCB62A3DD885002F0EB4 /* MapView.swift */,
			);
			path = Views;
			sourceTree = "<group>";
		};
		326DBCC62A3DD94F002F0EB4 /* TabView */ = {
			isa = PBXGroup;
			children = (
				326DBCBF2A3DD913002F0EB4 /* CustomBottomView.swift */,
				326DBCC12A3DD916002F0EB4 /* CustomTabItem.swift */,
				326DBCC32A3DD917002F0EB4 /* CustomTabView.swift */,
			);
			path = TabView;
			sourceTree = "<group>";
		};
/* End PBXGroup section */

/* Begin PBXNativeTarget section */
		326DBC782A3DD66F002F0EB4 /* FurFamilyFinder */ = {
			isa = PBXNativeTarget;
			buildConfigurationList = 326DBC9E2A3DD66F002F0EB4 /* Build configuration list for PBXNativeTarget "FurFamilyFinder" */;
			buildPhases = (
				326DBC752A3DD66F002F0EB4 /* Sources */,
				326DBC762A3DD66F002F0EB4 /* Frameworks */,
				326DBC772A3DD66F002F0EB4 /* Resources */,
			);
			buildRules = (
			);
			dependencies = (
			);
			name = FurFamilyFinder;
			packageProductDependencies = (
				32A9D87B2A422B7B006683FD /* SFSymbol */,
				32E120572A5F0F1000F029D7 /* SFSymbol */,
			);
			productName = FurFamilyFinder;
			productReference = 326DBC792A3DD66F002F0EB4 /* FurFamilyFinder.app */;
			productType = "com.apple.product-type.application";
		};
		326DBC892A3DD66F002F0EB4 /* FurFamilyFinderTests */ = {
			isa = PBXNativeTarget;
			buildConfigurationList = 326DBCA12A3DD66F002F0EB4 /* Build configuration list for PBXNativeTarget "FurFamilyFinderTests" */;
			buildPhases = (
				326DBC862A3DD66F002F0EB4 /* Sources */,
				326DBC872A3DD66F002F0EB4 /* Frameworks */,
				326DBC882A3DD66F002F0EB4 /* Resources */,
			);
			buildRules = (
			);
			dependencies = (
				326DBC8C2A3DD66F002F0EB4 /* PBXTargetDependency */,
			);
			name = FurFamilyFinderTests;
			productName = FurFamilyFinderTests;
			productReference = 326DBC8A2A3DD66F002F0EB4 /* FurFamilyFinderTests.xctest */;
			productType = "com.apple.product-type.bundle.unit-test";
		};
		326DBC932A3DD66F002F0EB4 /* FurFamilyFinderUITests */ = {
			isa = PBXNativeTarget;
			buildConfigurationList = 326DBCA42A3DD66F002F0EB4 /* Build configuration list for PBXNativeTarget "FurFamilyFinderUITests" */;
			buildPhases = (
				326DBC902A3DD66F002F0EB4 /* Sources */,
				326DBC912A3DD66F002F0EB4 /* Frameworks */,
				326DBC922A3DD66F002F0EB4 /* Resources */,
			);
			buildRules = (
			);
			dependencies = (
				326DBC962A3DD66F002F0EB4 /* PBXTargetDependency */,
			);
			name = FurFamilyFinderUITests;
			productName = FurFamilyFinderUITests;
			productReference = 326DBC942A3DD66F002F0EB4 /* FurFamilyFinderUITests.xctest */;
			productType = "com.apple.product-type.bundle.ui-testing";
		};
/* End PBXNativeTarget section */

/* Begin PBXProject section */
		326DBC712A3DD66E002F0EB4 /* Project object */ = {
			isa = PBXProject;
			attributes = {
				BuildIndependentTargetsInParallel = 1;
				LastSwiftUpdateCheck = 1500;
				LastUpgradeCheck = 1500;
				TargetAttributes = {
					326DBC782A3DD66F002F0EB4 = {
						CreatedOnToolsVersion = 15.0;
					};
					326DBC892A3DD66F002F0EB4 = {
						CreatedOnToolsVersion = 15.0;
						TestTargetID = 326DBC782A3DD66F002F0EB4;
					};
					326DBC932A3DD66F002F0EB4 = {
						CreatedOnToolsVersion = 15.0;
						TestTargetID = 326DBC782A3DD66F002F0EB4;
					};
				};
			};
			buildConfigurationList = 326DBC742A3DD66E002F0EB4 /* Build configuration list for PBXProject "FurFamilyFinder" */;
			compatibilityVersion = "Xcode 14.0";
			developmentRegion = en;
			hasScannedForEncodings = 0;
			knownRegions = (
				en,
				Base,
				"ka-GE",
			);
			mainGroup = 326DBC702A3DD66E002F0EB4;
			packageReferences = (
				32E120562A5F0F1000F029D7 /* XCRemoteSwiftPackageReference "SFSymbolMacros" */,
			);
			productRefGroup = 326DBC7A2A3DD66F002F0EB4 /* Products */;
			projectDirPath = "";
			projectRoot = "";
			targets = (
				326DBC782A3DD66F002F0EB4 /* FurFamilyFinder */,
				326DBC892A3DD66F002F0EB4 /* FurFamilyFinderTests */,
				326DBC932A3DD66F002F0EB4 /* FurFamilyFinderUITests */,
			);
		};
/* End PBXProject section */

/* Begin PBXResourcesBuildPhase section */
		326DBC772A3DD66F002F0EB4 /* Resources */ = {
			isa = PBXResourcesBuildPhase;
			buildActionMask = 2147483647;
			files = (
				326DBC852A3DD66F002F0EB4 /* Preview Assets.xcassets in Resources */,
				32390CA62A40A44900C0AAB0 /* Test.xcstrings in Resources */,
				326DBC812A3DD66F002F0EB4 /* Assets.xcassets in Resources */,
				32390CA42A40A38D00C0AAB0 /* Localizable.xcstrings in Resources */,
			);
			runOnlyForDeploymentPostprocessing = 0;
		};
		326DBC882A3DD66F002F0EB4 /* Resources */ = {
			isa = PBXResourcesBuildPhase;
			buildActionMask = 2147483647;
			files = (
			);
			runOnlyForDeploymentPostprocessing = 0;
		};
		326DBC922A3DD66F002F0EB4 /* Resources */ = {
			isa = PBXResourcesBuildPhase;
			buildActionMask = 2147483647;
			files = (
			);
			runOnlyForDeploymentPostprocessing = 0;
		};
/* End PBXResourcesBuildPhase section */

/* Begin PBXSourcesBuildPhase section */
		326DBC752A3DD66F002F0EB4 /* Sources */ = {
			isa = PBXSourcesBuildPhase;
			buildActionMask = 2147483647;
			files = (
				32390CA22A408C5900C0AAB0 /* AboutField.swift in Sources */,
				326DBCB52A3DD873002F0EB4 /* SearchView.swift in Sources */,
				32390CA02A4086AD00C0AAB0 /* AboutView.swift in Sources */,
				326DBCB72A3DD885002F0EB4 /* MapView.swift in Sources */,
				32390C892A3E034C00C0AAB0 /* SegmentedPicker.swift in Sources */,
				326DBCC02A3DD913002F0EB4 /* CustomBottomView.swift in Sources */,
				32390C8C2A3E1C0D00C0AAB0 /* AnimalView.swift in Sources */,
				326DBCB32A3DD869002F0EB4 /* ProfileView.swift in Sources */,
				32390C822A3DEB9800C0AAB0 /* CategoryView.swift in Sources */,
				326DBCB12A3DD85B002F0EB4 /* HomeView.swift in Sources */,
				326DBC7D2A3DD66F002F0EB4 /* FurFamilyFinderApp.swift in Sources */,
				32390C922A3E29CF00C0AAB0 /* Animal.swift in Sources */,
				32390C982A40758900C0AAB0 /* LikeButton.swift in Sources */,
				326DBCC42A3DD917002F0EB4 /* CustomTabView.swift in Sources */,
				32390C872A3E031B00C0AAB0 /* AnimalsView.swift in Sources */,
				32A9D8732A41F42E006683FD /* Symbol.swift in Sources */,
				32390C852A3DFEE900C0AAB0 /* CategoriesView.swift in Sources */,
				326DBCAB2A3DD707002F0EB4 /* MainView.swift in Sources */,
				32390C8F2A3E209D00C0AAB0 /* InfoView.swift in Sources */,
				32390C9B2A40770800C0AAB0 /* DetailView.swift in Sources */,
				32390C9D2A407C5000C0AAB0 /* AnimalInfo.swift in Sources */,
				32390C942A3E2D7C00C0AAB0 /* AnimalsList.swift in Sources */,
				326DBCC22A3DD916002F0EB4 /* CustomTabItem.swift in Sources */,
			);
			runOnlyForDeploymentPostprocessing = 0;
		};
		326DBC862A3DD66F002F0EB4 /* Sources */ = {
			isa = PBXSourcesBuildPhase;
			buildActionMask = 2147483647;
			files = (
				326DBC8F2A3DD66F002F0EB4 /* FurFamilyFinderTests.swift in Sources */,
			);
			runOnlyForDeploymentPostprocessing = 0;
		};
		326DBC902A3DD66F002F0EB4 /* Sources */ = {
			isa = PBXSourcesBuildPhase;
			buildActionMask = 2147483647;
			files = (
				326DBC9B2A3DD66F002F0EB4 /* FurFamilyFinderUITestsLaunchTests.swift in Sources */,
				326DBC992A3DD66F002F0EB4 /* FurFamilyFinderUITests.swift in Sources */,
			);
			runOnlyForDeploymentPostprocessing = 0;
		};
/* End PBXSourcesBuildPhase section */

/* Begin PBXTargetDependency section */
		326DBC8C2A3DD66F002F0EB4 /* PBXTargetDependency */ = {
			isa = PBXTargetDependency;
			target = 326DBC782A3DD66F002F0EB4 /* FurFamilyFinder */;
			targetProxy = 326DBC8B2A3DD66F002F0EB4 /* PBXContainerItemProxy */;
		};
		326DBC962A3DD66F002F0EB4 /* PBXTargetDependency */ = {
			isa = PBXTargetDependency;
			target = 326DBC782A3DD66F002F0EB4 /* FurFamilyFinder */;
			targetProxy = 326DBC952A3DD66F002F0EB4 /* PBXContainerItemProxy */;
		};
/* End PBXTargetDependency section */

/* Begin XCBuildConfiguration section */
		326DBC9C2A3DD66F002F0EB4 /* Debug */ = {
			isa = XCBuildConfiguration;
			buildSettings = {
				ALWAYS_SEARCH_USER_PATHS = NO;
				ASSETCATALOG_COMPILER_GENERATE_SWIFT_ASSET_SYMBOL_EXTENSIONS = YES;
				CLANG_ANALYZER_NONNULL = YES;
				CLANG_ANALYZER_NUMBER_OBJECT_CONVERSION = YES_AGGRESSIVE;
				CLANG_CXX_LANGUAGE_STANDARD = "gnu++20";
				CLANG_ENABLE_MODULES = YES;
				CLANG_ENABLE_OBJC_ARC = YES;
				CLANG_ENABLE_OBJC_WEAK = YES;
				CLANG_WARN_BLOCK_CAPTURE_AUTORELEASING = YES;
				CLANG_WARN_BOOL_CONVERSION = YES;
				CLANG_WARN_COMMA = YES;
				CLANG_WARN_CONSTANT_CONVERSION = YES;
				CLANG_WARN_DEPRECATED_OBJC_IMPLEMENTATIONS = YES;
				CLANG_WARN_DIRECT_OBJC_ISA_USAGE = YES_ERROR;
				CLANG_WARN_DOCUMENTATION_COMMENTS = YES;
				CLANG_WARN_EMPTY_BODY = YES;
				CLANG_WARN_ENUM_CONVERSION = YES;
				CLANG_WARN_INFINITE_RECURSION = YES;
				CLANG_WARN_INT_CONVERSION = YES;
				CLANG_WARN_NON_LITERAL_NULL_CONVERSION = YES;
				CLANG_WARN_OBJC_IMPLICIT_RETAIN_SELF = YES;
				CLANG_WARN_OBJC_LITERAL_CONVERSION = YES;
				CLANG_WARN_OBJC_ROOT_CLASS = YES_ERROR;
				CLANG_WARN_QUOTED_INCLUDE_IN_FRAMEWORK_HEADER = YES;
				CLANG_WARN_RANGE_LOOP_ANALYSIS = YES;
				CLANG_WARN_STRICT_PROTOTYPES = YES;
				CLANG_WARN_SUSPICIOUS_MOVE = YES;
				CLANG_WARN_UNGUARDED_AVAILABILITY = YES_AGGRESSIVE;
				CLANG_WARN_UNREACHABLE_CODE = YES;
				CLANG_WARN__DUPLICATE_METHOD_MATCH = YES;
				COPY_PHASE_STRIP = NO;
				DEBUG_INFORMATION_FORMAT = dwarf;
				ENABLE_STRICT_OBJC_MSGSEND = YES;
				ENABLE_TESTABILITY = YES;
				ENABLE_USER_SCRIPT_SANDBOXING = YES;
				GCC_C_LANGUAGE_STANDARD = gnu17;
				GCC_DYNAMIC_NO_PIC = NO;
				GCC_NO_COMMON_BLOCKS = YES;
				GCC_OPTIMIZATION_LEVEL = 0;
				GCC_PREPROCESSOR_DEFINITIONS = (
					"DEBUG=1",
					"$(inherited)",
				);
				GCC_WARN_64_TO_32_BIT_CONVERSION = YES;
				GCC_WARN_ABOUT_RETURN_TYPE = YES_ERROR;
				GCC_WARN_UNDECLARED_SELECTOR = YES;
				GCC_WARN_UNINITIALIZED_AUTOS = YES_AGGRESSIVE;
				GCC_WARN_UNUSED_FUNCTION = YES;
				GCC_WARN_UNUSED_VARIABLE = YES;
				LOCALIZATION_PREFERS_STRING_CATALOGS = YES;
				MTL_ENABLE_DEBUG_INFO = INCLUDE_SOURCE;
				MTL_FAST_MATH = YES;
				ONLY_ACTIVE_ARCH = YES;
				SWIFT_ACTIVE_COMPILATION_CONDITIONS = "DEBUG $(inherited)";
				SWIFT_EMIT_LOC_STRINGS = YES;
				SWIFT_OPTIMIZATION_LEVEL = "-Onone";
			};
			name = Debug;
		};
		326DBC9D2A3DD66F002F0EB4 /* Release */ = {
			isa = XCBuildConfiguration;
			buildSettings = {
				ALWAYS_SEARCH_USER_PATHS = NO;
				ASSETCATALOG_COMPILER_GENERATE_SWIFT_ASSET_SYMBOL_EXTENSIONS = YES;
				CLANG_ANALYZER_NONNULL = YES;
				CLANG_ANALYZER_NUMBER_OBJECT_CONVERSION = YES_AGGRESSIVE;
				CLANG_CXX_LANGUAGE_STANDARD = "gnu++20";
				CLANG_ENABLE_MODULES = YES;
				CLANG_ENABLE_OBJC_ARC = YES;
				CLANG_ENABLE_OBJC_WEAK = YES;
				CLANG_WARN_BLOCK_CAPTURE_AUTORELEASING = YES;
				CLANG_WARN_BOOL_CONVERSION = YES;
				CLANG_WARN_COMMA = YES;
				CLANG_WARN_CONSTANT_CONVERSION = YES;
				CLANG_WARN_DEPRECATED_OBJC_IMPLEMENTATIONS = YES;
				CLANG_WARN_DIRECT_OBJC_ISA_USAGE = YES_ERROR;
				CLANG_WARN_DOCUMENTATION_COMMENTS = YES;
				CLANG_WARN_EMPTY_BODY = YES;
				CLANG_WARN_ENUM_CONVERSION = YES;
				CLANG_WARN_INFINITE_RECURSION = YES;
				CLANG_WARN_INT_CONVERSION = YES;
				CLANG_WARN_NON_LITERAL_NULL_CONVERSION = YES;
				CLANG_WARN_OBJC_IMPLICIT_RETAIN_SELF = YES;
				CLANG_WARN_OBJC_LITERAL_CONVERSION = YES;
				CLANG_WARN_OBJC_ROOT_CLASS = YES_ERROR;
				CLANG_WARN_QUOTED_INCLUDE_IN_FRAMEWORK_HEADER = YES;
				CLANG_WARN_RANGE_LOOP_ANALYSIS = YES;
				CLANG_WARN_STRICT_PROTOTYPES = YES;
				CLANG_WARN_SUSPICIOUS_MOVE = YES;
				CLANG_WARN_UNGUARDED_AVAILABILITY = YES_AGGRESSIVE;
				CLANG_WARN_UNREACHABLE_CODE = YES;
				CLANG_WARN__DUPLICATE_METHOD_MATCH = YES;
				COPY_PHASE_STRIP = NO;
				DEBUG_INFORMATION_FORMAT = "dwarf-with-dsym";
				ENABLE_NS_ASSERTIONS = NO;
				ENABLE_STRICT_OBJC_MSGSEND = YES;
				ENABLE_USER_SCRIPT_SANDBOXING = YES;
				GCC_C_LANGUAGE_STANDARD = gnu17;
				GCC_NO_COMMON_BLOCKS = YES;
				GCC_WARN_64_TO_32_BIT_CONVERSION = YES;
				GCC_WARN_ABOUT_RETURN_TYPE = YES_ERROR;
				GCC_WARN_UNDECLARED_SELECTOR = YES;
				GCC_WARN_UNINITIALIZED_AUTOS = YES_AGGRESSIVE;
				GCC_WARN_UNUSED_FUNCTION = YES;
				GCC_WARN_UNUSED_VARIABLE = YES;
				LOCALIZATION_PREFERS_STRING_CATALOGS = YES;
				MTL_ENABLE_DEBUG_INFO = NO;
				MTL_FAST_MATH = YES;
				SWIFT_COMPILATION_MODE = wholemodule;
				SWIFT_EMIT_LOC_STRINGS = YES;
			};
			name = Release;
		};
		326DBC9F2A3DD66F002F0EB4 /* Debug */ = {
			isa = XCBuildConfiguration;
			buildSettings = {
				ASSETCATALOG_COMPILER_APPICON_NAME = AppIcon;
				ASSETCATALOG_COMPILER_GLOBAL_ACCENT_COLOR_NAME = AccentColor;
				CODE_SIGN_ENTITLEMENTS = FurFamilyFinder/FurFamilyFinder.entitlements;
				CODE_SIGN_STYLE = Automatic;
				CURRENT_PROJECT_VERSION = 1;
				DEVELOPMENT_ASSET_PATHS = "\"FurFamilyFinder/Preview Content\"";
				ENABLE_PREVIEWS = YES;
				GENERATE_INFOPLIST_FILE = YES;
				"INFOPLIST_KEY_UIApplicationSceneManifest_Generation[sdk=iphoneos*]" = YES;
				"INFOPLIST_KEY_UIApplicationSceneManifest_Generation[sdk=iphonesimulator*]" = YES;
				"INFOPLIST_KEY_UIApplicationSupportsIndirectInputEvents[sdk=iphoneos*]" = YES;
				"INFOPLIST_KEY_UIApplicationSupportsIndirectInputEvents[sdk=iphonesimulator*]" = YES;
				"INFOPLIST_KEY_UILaunchScreen_Generation[sdk=iphoneos*]" = YES;
				"INFOPLIST_KEY_UILaunchScreen_Generation[sdk=iphonesimulator*]" = YES;
				"INFOPLIST_KEY_UIStatusBarStyle[sdk=iphoneos*]" = UIStatusBarStyleDefault;
				"INFOPLIST_KEY_UIStatusBarStyle[sdk=iphonesimulator*]" = UIStatusBarStyleDefault;
				INFOPLIST_KEY_UISupportedInterfaceOrientations_iPad = "UIInterfaceOrientationPortrait UIInterfaceOrientationPortraitUpsideDown UIInterfaceOrientationLandscapeLeft UIInterfaceOrientationLandscapeRight";
				INFOPLIST_KEY_UISupportedInterfaceOrientations_iPhone = "UIInterfaceOrientationPortrait UIInterfaceOrientationLandscapeLeft UIInterfaceOrientationLandscapeRight";
				IPHONEOS_DEPLOYMENT_TARGET = 17.0;
				LD_RUNPATH_SEARCH_PATHS = "@executable_path/Frameworks";
				"LD_RUNPATH_SEARCH_PATHS[sdk=macosx*]" = "@executable_path/../Frameworks";
				MACOSX_DEPLOYMENT_TARGET = 13.4;
				MARKETING_VERSION = 1.0;
				OTHER_SWIFT_FLAGS = "-enable-experimental-feature VariadicGenerics";
				PRODUCT_BUNDLE_IDENTIFIER = com.Pets.FurFamilyFinder;
				PRODUCT_NAME = "$(TARGET_NAME)";
				SDKROOT = auto;
				SUPPORTED_PLATFORMS = "iphoneos iphonesimulator macosx";
				SWIFT_EMIT_LOC_STRINGS = YES;
				SWIFT_VERSION = 5.0;
				TARGETED_DEVICE_FAMILY = "1,2";
			};
			name = Debug;
		};
		326DBCA02A3DD66F002F0EB4 /* Release */ = {
			isa = XCBuildConfiguration;
			buildSettings = {
				ASSETCATALOG_COMPILER_APPICON_NAME = AppIcon;
				ASSETCATALOG_COMPILER_GLOBAL_ACCENT_COLOR_NAME = AccentColor;
				CODE_SIGN_ENTITLEMENTS = FurFamilyFinder/FurFamilyFinder.entitlements;
				CODE_SIGN_STYLE = Automatic;
				CURRENT_PROJECT_VERSION = 1;
				DEVELOPMENT_ASSET_PATHS = "\"FurFamilyFinder/Preview Content\"";
				ENABLE_PREVIEWS = YES;
				GENERATE_INFOPLIST_FILE = YES;
				"INFOPLIST_KEY_UIApplicationSceneManifest_Generation[sdk=iphoneos*]" = YES;
				"INFOPLIST_KEY_UIApplicationSceneManifest_Generation[sdk=iphonesimulator*]" = YES;
				"INFOPLIST_KEY_UIApplicationSupportsIndirectInputEvents[sdk=iphoneos*]" = YES;
				"INFOPLIST_KEY_UIApplicationSupportsIndirectInputEvents[sdk=iphonesimulator*]" = YES;
				"INFOPLIST_KEY_UILaunchScreen_Generation[sdk=iphoneos*]" = YES;
				"INFOPLIST_KEY_UILaunchScreen_Generation[sdk=iphonesimulator*]" = YES;
				"INFOPLIST_KEY_UIStatusBarStyle[sdk=iphoneos*]" = UIStatusBarStyleDefault;
				"INFOPLIST_KEY_UIStatusBarStyle[sdk=iphonesimulator*]" = UIStatusBarStyleDefault;
				INFOPLIST_KEY_UISupportedInterfaceOrientations_iPad = "UIInterfaceOrientationPortrait UIInterfaceOrientationPortraitUpsideDown UIInterfaceOrientationLandscapeLeft UIInterfaceOrientationLandscapeRight";
				INFOPLIST_KEY_UISupportedInterfaceOrientations_iPhone = "UIInterfaceOrientationPortrait UIInterfaceOrientationLandscapeLeft UIInterfaceOrientationLandscapeRight";
				IPHONEOS_DEPLOYMENT_TARGET = 17.0;
				LD_RUNPATH_SEARCH_PATHS = "@executable_path/Frameworks";
				"LD_RUNPATH_SEARCH_PATHS[sdk=macosx*]" = "@executable_path/../Frameworks";
				MACOSX_DEPLOYMENT_TARGET = 13.4;
				MARKETING_VERSION = 1.0;
				OTHER_SWIFT_FLAGS = "-enable-experimental-feature VariadicGenerics";
				PRODUCT_BUNDLE_IDENTIFIER = com.Pets.FurFamilyFinder;
				PRODUCT_NAME = "$(TARGET_NAME)";
				SDKROOT = auto;
				SUPPORTED_PLATFORMS = "iphoneos iphonesimulator macosx";
				SWIFT_EMIT_LOC_STRINGS = YES;
				SWIFT_VERSION = 5.0;
				TARGETED_DEVICE_FAMILY = "1,2";
			};
			name = Release;
		};
		326DBCA22A3DD66F002F0EB4 /* Debug */ = {
			isa = XCBuildConfiguration;
			buildSettings = {
				ALWAYS_EMBED_SWIFT_STANDARD_LIBRARIES = YES;
				BUNDLE_LOADER = "$(TEST_HOST)";
				CODE_SIGN_STYLE = Automatic;
				CURRENT_PROJECT_VERSION = 1;
				GENERATE_INFOPLIST_FILE = YES;
				IPHONEOS_DEPLOYMENT_TARGET = 17.0;
				MACOSX_DEPLOYMENT_TARGET = 13.4;
				MARKETING_VERSION = 1.0;
				PRODUCT_BUNDLE_IDENTIFIER = com.Pets.FurFamilyFinderTests;
				PRODUCT_NAME = "$(TARGET_NAME)";
				SDKROOT = auto;
				SUPPORTED_PLATFORMS = "iphoneos iphonesimulator macosx";
				SWIFT_EMIT_LOC_STRINGS = NO;
				SWIFT_VERSION = 5.0;
				TARGETED_DEVICE_FAMILY = "1,2";
				TEST_HOST = "$(BUILT_PRODUCTS_DIR)/FurFamilyFinder.app/$(BUNDLE_EXECUTABLE_FOLDER_PATH)/FurFamilyFinder";
			};
			name = Debug;
		};
		326DBCA32A3DD66F002F0EB4 /* Release */ = {
			isa = XCBuildConfiguration;
			buildSettings = {
				ALWAYS_EMBED_SWIFT_STANDARD_LIBRARIES = YES;
				BUNDLE_LOADER = "$(TEST_HOST)";
				CODE_SIGN_STYLE = Automatic;
				CURRENT_PROJECT_VERSION = 1;
				GENERATE_INFOPLIST_FILE = YES;
				IPHONEOS_DEPLOYMENT_TARGET = 17.0;
				MACOSX_DEPLOYMENT_TARGET = 13.4;
				MARKETING_VERSION = 1.0;
				PRODUCT_BUNDLE_IDENTIFIER = com.Pets.FurFamilyFinderTests;
				PRODUCT_NAME = "$(TARGET_NAME)";
				SDKROOT = auto;
				SUPPORTED_PLATFORMS = "iphoneos iphonesimulator macosx";
				SWIFT_EMIT_LOC_STRINGS = NO;
				SWIFT_VERSION = 5.0;
				TARGETED_DEVICE_FAMILY = "1,2";
				TEST_HOST = "$(BUILT_PRODUCTS_DIR)/FurFamilyFinder.app/$(BUNDLE_EXECUTABLE_FOLDER_PATH)/FurFamilyFinder";
			};
			name = Release;
		};
		326DBCA52A3DD66F002F0EB4 /* Debug */ = {
			isa = XCBuildConfiguration;
			buildSettings = {
				ALWAYS_EMBED_SWIFT_STANDARD_LIBRARIES = YES;
				CODE_SIGN_STYLE = Automatic;
				CURRENT_PROJECT_VERSION = 1;
				GENERATE_INFOPLIST_FILE = YES;
				IPHONEOS_DEPLOYMENT_TARGET = 17.0;
				MACOSX_DEPLOYMENT_TARGET = 13.4;
				MARKETING_VERSION = 1.0;
				PRODUCT_BUNDLE_IDENTIFIER = com.Pets.FurFamilyFinderUITests;
				PRODUCT_NAME = "$(TARGET_NAME)";
				SDKROOT = auto;
				SUPPORTED_PLATFORMS = "iphoneos iphonesimulator macosx";
				SWIFT_EMIT_LOC_STRINGS = NO;
				SWIFT_VERSION = 5.0;
				TARGETED_DEVICE_FAMILY = "1,2";
				TEST_TARGET_NAME = FurFamilyFinder;
			};
			name = Debug;
		};
		326DBCA62A3DD66F002F0EB4 /* Release */ = {
			isa = XCBuildConfiguration;
			buildSettings = {
				ALWAYS_EMBED_SWIFT_STANDARD_LIBRARIES = YES;
				CODE_SIGN_STYLE = Automatic;
				CURRENT_PROJECT_VERSION = 1;
				GENERATE_INFOPLIST_FILE = YES;
				IPHONEOS_DEPLOYMENT_TARGET = 17.0;
				MACOSX_DEPLOYMENT_TARGET = 13.4;
				MARKETING_VERSION = 1.0;
				PRODUCT_BUNDLE_IDENTIFIER = com.Pets.FurFamilyFinderUITests;
				PRODUCT_NAME = "$(TARGET_NAME)";
				SDKROOT = auto;
				SUPPORTED_PLATFORMS = "iphoneos iphonesimulator macosx";
				SWIFT_EMIT_LOC_STRINGS = NO;
				SWIFT_VERSION = 5.0;
				TARGETED_DEVICE_FAMILY = "1,2";
				TEST_TARGET_NAME = FurFamilyFinder;
			};
			name = Release;
		};
/* End XCBuildConfiguration section */

/* Begin XCConfigurationList section */
		326DBC742A3DD66E002F0EB4 /* Build configuration list for PBXProject "FurFamilyFinder" */ = {
			isa = XCConfigurationList;
			buildConfigurations = (
				326DBC9C2A3DD66F002F0EB4 /* Debug */,
				326DBC9D2A3DD66F002F0EB4 /* Release */,
			);
			defaultConfigurationIsVisible = 0;
			defaultConfigurationName = Release;
		};
		326DBC9E2A3DD66F002F0EB4 /* Build configuration list for PBXNativeTarget "FurFamilyFinder" */ = {
			isa = XCConfigurationList;
			buildConfigurations = (
				326DBC9F2A3DD66F002F0EB4 /* Debug */,
				326DBCA02A3DD66F002F0EB4 /* Release */,
			);
			defaultConfigurationIsVisible = 0;
			defaultConfigurationName = Release;
		};
		326DBCA12A3DD66F002F0EB4 /* Build configuration list for PBXNativeTarget "FurFamilyFinderTests" */ = {
			isa = XCConfigurationList;
			buildConfigurations = (
				326DBCA22A3DD66F002F0EB4 /* Debug */,
				326DBCA32A3DD66F002F0EB4 /* Release */,
			);
			defaultConfigurationIsVisible = 0;
			defaultConfigurationName = Release;
		};
		326DBCA42A3DD66F002F0EB4 /* Build configuration list for PBXNativeTarget "FurFamilyFinderUITests" */ = {
			isa = XCConfigurationList;
			buildConfigurations = (
				326DBCA52A3DD66F002F0EB4 /* Debug */,
				326DBCA62A3DD66F002F0EB4 /* Release */,
			);
			defaultConfigurationIsVisible = 0;
			defaultConfigurationName = Release;
		};
/* End XCConfigurationList section */

/* Begin XCRemoteSwiftPackageReference section */
		32E120562A5F0F1000F029D7 /* XCRemoteSwiftPackageReference "SFSymbolMacros" */ = {
			isa = XCRemoteSwiftPackageReference;
			repositoryURL = "https://github.com/mariamBabutsidze/SFSymbolMacros";
			requirement = {
				branch = main;
				kind = branch;
			};
		};
/* End XCRemoteSwiftPackageReference section */

/* Begin XCSwiftPackageProductDependency section */
		32A9D87B2A422B7B006683FD /* SFSymbol */ = {
			isa = XCSwiftPackageProductDependency;
			productName = SFSymbol;
		};
		32E120572A5F0F1000F029D7 /* SFSymbol */ = {
			isa = XCSwiftPackageProductDependency;
			package = 32E120562A5F0F1000F029D7 /* XCRemoteSwiftPackageReference "SFSymbolMacros" */;
			productName = SFSymbol;
		};
/* End XCSwiftPackageProductDependency section */
	};
	rootObject = 326DBC712A3DD66E002F0EB4 /* Project object */;
}
